
Microsoft Visual Studio Solution File, Format Version 12.00
# Visual Studio Version 16
VisualStudioVersion = 16.0.30128.74
MinimumVisualStudioVersion = 10.0.40219.1
Project("{FAE04EC0-301F-11D3-BF4B-00C04F79EFBC}") = "Laba2Task1", "Laba2Task1\Laba2Task1.csproj", "{28497450-0D72-441E-9DE0-7D9B2BA2DF2E}"
EndProject
Global
	GlobalSection(SolutionConfigurationPlatforms) = preSolution
		Debug|Any CPU = Debug|Any CPU
		Release|Any CPU = Release|Any CPU
	EndGlobalSection
	GlobalSection(ProjectConfigurationPlatforms) = postSolution
		{28497450-0D72-441E-9DE0-7D9B2BA2DF2E}.Debug|Any CPU.ActiveCfg = Debug|Any CPU
		{28497450-0D72-441E-9DE0-7D9B2BA2DF2E}.Debug|Any CPU.Build.0 = Debug|Any CPU
		{28497450-0D72-441E-9DE0-7D9B2BA2DF2E}.Release|Any CPU.ActiveCfg = Release|Any CPU
		{28497450-0D72-441E-9DE0-7D9B2BA2DF2E}.Release|Any CPU.Build.0 = Release|Any CPU
	EndGlobalSection
	GlobalSection(SolutionProperties) = preSolution
		HideSolutionNode = FALSE
	EndGlobalSection
	GlobalSection(ExtensibilityGlobals) = postSolution
		SolutionGuid = {C6603B17-1F1E-49B2-89E4-8E8EF1606A38}
	EndGlobalSection
EndGlobal
